
Microsoft Visual Studio Solution File, Format Version 12.00
Project("{FAE04EC0-301F-11D3-BF4B-00C04F79EFBC}") = "true.code.testtask", "true.code.testtask\true.code.testtask.csproj", "{8063A85F-A3AF-4B54-83EC-F0AA1EBA9367}"
EndProject
Global
	GlobalSection(SolutionConfigurationPlatforms) = preSolution
		Debug|Any CPU = Debug|Any CPU
		Release|Any CPU = Release|Any CPU
	EndGlobalSection
	GlobalSection(ProjectConfigurationPlatforms) = postSolution
		{8063A85F-A3AF-4B54-83EC-F0AA1EBA9367}.Debug|Any CPU.ActiveCfg = Debug|Any CPU
		{8063A85F-A3AF-4B54-83EC-F0AA1EBA9367}.Debug|Any CPU.Build.0 = Debug|Any CPU
		{8063A85F-A3AF-4B54-83EC-F0AA1EBA9367}.Release|Any CPU.ActiveCfg = Release|Any CPU
		{8063A85F-A3AF-4B54-83EC-F0AA1EBA9367}.Release|Any CPU.Build.0 = Release|Any CPU
	EndGlobalSection
EndGlobal
